
Microsoft Visual Studio Solution File, Format Version 12.00
# Visual Studio Version 16
VisualStudioVersion = 16.0.30309.148
MinimumVisualStudioVersion = 10.0.40219.1
Project("{8BC9CEB8-8B4A-11D0-8D11-00A0C91BC942}") = "LongestCommonPrefix", "LongestCommonPrefix\LongestCommonPrefix.vcxproj", "{495183AB-80C9-4130-846B-ECFC8F01E7BB}"
EndProject
Project("{8BC9CEB8-8B4A-11D0-8D11-00A0C91BC942}") = "ValidParentheses", "ValidParentheses\ValidParentheses.vcxproj", "{BB2B3F38-D5D6-43EF-B339-B86284284B64}"
EndProject
Project("{8BC9CEB8-8B4A-11D0-8D11-00A0C91BC942}") = "RomanToInt", "RomanToInt\RomanToInt.vcxproj", "{EE3B3BD6-79B2-42E6-B280-48BF0DFD9308}"
EndProject
Project("{8BC9CEB8-8B4A-11D0-8D11-00A0C91BC942}") = "MergeTwoSortedLists", "MergeTwoSortedLists\MergeTwoSortedLists.vcxproj", "{5BE1DE22-0A94-4AEF-9D86-12A4B0CFD4A4}"
EndProject
Project("{8BC9CEB8-8B4A-11D0-8D11-00A0C91BC942}") = "AugustDay1_DetectCapital", "AugustDay1_DetectCapital\AugustDay1_DetectCapital.vcxproj", "{35B9E34E-80E2-49B2-89C7-1B4C891754ED}"
EndProject
Project("{8BC9CEB8-8B4A-11D0-8D11-00A0C91BC942}") = "AugustDay2_DesignHashSet", "AugustDay2_DesignHashSet\AugustDay2_DesignHashSet.vcxproj", "{D938B770-9CE9-497D-BA9B-EA7869A84D0D}"
EndProject
Project("{8BC9CEB8-8B4A-11D0-8D11-00A0C91BC942}") = "DetectCapital", "DetectCapital\DetectCapital.vcxproj", "{D3D9FC92-726A-4DB5-B97C-2887DC8B7700}"
EndProject
Project("{8BC9CEB8-8B4A-11D0-8D11-00A0C91BC942}") = "HIndex", "HIndex\HIndex.vcxproj", "{B1913EFB-D514-492A-B23F-27BBDE81D2D8}"
EndProject
Project("{8BC9CEB8-8B4A-11D0-8D11-00A0C91BC942}") = "AugustDay4_ PowerofFour", "AugustDay4_ PowerofFour\AugustDay4_ PowerofFour.vcxproj", "{0C15BD72-5456-41CC-9D01-E8E5427FE23E}"
EndProject
Project("{8BC9CEB8-8B4A-11D0-8D11-00A0C91BC942}") = "PascalTriangleII", "PascalTriangleII\PascalTriangleII.vcxproj", "{9A2D1561-D877-4089-97EE-A001A2E9A5CE}"
EndProject
Project("{8BC9CEB8-8B4A-11D0-8D11-00A0C91BC942}") = "ValidPalindrome", "ValidPalindrome\ValidPalindrome.vcxproj", "{20A75616-85F1-424F-BCFC-387E10E7FC5C}"
EndProject
Project("{8BC9CEB8-8B4A-11D0-8D11-00A0C91BC942}") = "ExcelSheetColumnNumber", "ExcelSheetColumnNumber\ExcelSheetColumnNumber.vcxproj", "{8D209023-9504-4E1C-AF53-2FC112EDF716}"
EndProject
Project("{8BC9CEB8-8B4A-11D0-8D11-00A0C91BC942}") = "PowerOfFour", "PowerOfFour\PowerOfFour.vcxproj", "{D8BECB5D-10D0-46DC-8303-336E71468038}"
EndProject
Project("{8BC9CEB8-8B4A-11D0-8D11-00A0C91BC942}") = "IteratorforCombination", "IteratorforCombination\IteratorforCombination.vcxproj", "{7F9D373C-0513-4B1A-834F-0CDF375DD9A7}"
EndProject
Project("{8BC9CEB8-8B4A-11D0-8D11-00A0C91BC942}") = "LongestPalindrome", "LongestPalindrome\LongestPalindrome.vcxproj", "{210992AB-BF43-48C4-9E4B-0E8C14F99719}"
EndProject
Project("{8BC9CEB8-8B4A-11D0-8D11-00A0C91BC942}") = "StreamofCharacters", "StreamofCharacters\StreamofCharacters.vcxproj", "{A49A246F-557C-42A8-BC75-1A011F30C5AE}"
EndProject
Project("{8BC9CEB8-8B4A-11D0-8D11-00A0C91BC942}") = "SumofLeftLeaves", "SumofLeftLeaves\SumofLeftLeaves.vcxproj", "{B504ACFC-53E3-4474-AEF2-49BC95D10D68}"
EndProject
Project("{8BC9CEB8-8B4A-11D0-8D11-00A0C91BC942}") = "fizzBuzz", "fizzBuzz\fizzBuzz.vcxproj", "{66C474DC-1863-4647-8DF5-E909729E9F6B}"
EndProject
Global
	GlobalSection(SolutionConfigurationPlatforms) = preSolution
		Debug|x64 = Debug|x64
		Debug|x86 = Debug|x86
		Release|x64 = Release|x64
		Release|x86 = Release|x86
	EndGlobalSection
	GlobalSection(ProjectConfigurationPlatforms) = postSolution
		{495183AB-80C9-4130-846B-ECFC8F01E7BB}.Debug|x64.ActiveCfg = Debug|x64
		{495183AB-80C9-4130-846B-ECFC8F01E7BB}.Debug|x64.Build.0 = Debug|x64
		{495183AB-80C9-4130-846B-ECFC8F01E7BB}.Debug|x86.ActiveCfg = Debug|Win32
		{495183AB-80C9-4130-846B-ECFC8F01E7BB}.Debug|x86.Build.0 = Debug|Win32
		{495183AB-80C9-4130-846B-ECFC8F01E7BB}.Release|x64.ActiveCfg = Release|x64
		{495183AB-80C9-4130-846B-ECFC8F01E7BB}.Release|x64.Build.0 = Release|x64
		{495183AB-80C9-4130-846B-ECFC8F01E7BB}.Release|x86.ActiveCfg = Release|Win32
		{495183AB-80C9-4130-846B-ECFC8F01E7BB}.Release|x86.Build.0 = Release|Win32
		{BB2B3F38-D5D6-43EF-B339-B86284284B64}.Debug|x64.ActiveCfg = Debug|x64
		{BB2B3F38-D5D6-43EF-B339-B86284284B64}.Debug|x64.Build.0 = Debug|x64
		{BB2B3F38-D5D6-43EF-B339-B86284284B64}.Debug|x86.ActiveCfg = Debug|Win32
		{BB2B3F38-D5D6-43EF-B339-B86284284B64}.Debug|x86.Build.0 = Debug|Win32
		{BB2B3F38-D5D6-43EF-B339-B86284284B64}.Release|x64.ActiveCfg = Release|x64
		{BB2B3F38-D5D6-43EF-B339-B86284284B64}.Release|x64.Build.0 = Release|x64
		{BB2B3F38-D5D6-43EF-B339-B86284284B64}.Release|x86.ActiveCfg = Release|Win32
		{BB2B3F38-D5D6-43EF-B339-B86284284B64}.Release|x86.Build.0 = Release|Win32
		{EE3B3BD6-79B2-42E6-B280-48BF0DFD9308}.Debug|x64.ActiveCfg = Debug|x64
		{EE3B3BD6-79B2-42E6-B280-48BF0DFD9308}.Debug|x64.Build.0 = Debug|x64
		{EE3B3BD6-79B2-42E6-B280-48BF0DFD9308}.Debug|x86.ActiveCfg = Debug|Win32
		{EE3B3BD6-79B2-42E6-B280-48BF0DFD9308}.Debug|x86.Build.0 = Debug|Win32
		{EE3B3BD6-79B2-42E6-B280-48BF0DFD9308}.Release|x64.ActiveCfg = Release|x64
		{EE3B3BD6-79B2-42E6-B280-48BF0DFD9308}.Release|x64.Build.0 = Release|x64
		{EE3B3BD6-79B2-42E6-B280-48BF0DFD9308}.Release|x86.ActiveCfg = Release|Win32
		{EE3B3BD6-79B2-42E6-B280-48BF0DFD9308}.Release|x86.Build.0 = Release|Win32
		{5BE1DE22-0A94-4AEF-9D86-12A4B0CFD4A4}.Debug|x64.ActiveCfg = Debug|x64
		{5BE1DE22-0A94-4AEF-9D86-12A4B0CFD4A4}.Debug|x64.Build.0 = Debug|x64
		{5BE1DE22-0A94-4AEF-9D86-12A4B0CFD4A4}.Debug|x86.ActiveCfg = Debug|Win32
		{5BE1DE22-0A94-4AEF-9D86-12A4B0CFD4A4}.Debug|x86.Build.0 = Debug|Win32
		{5BE1DE22-0A94-4AEF-9D86-12A4B0CFD4A4}.Release|x64.ActiveCfg = Release|x64
		{5BE1DE22-0A94-4AEF-9D86-12A4B0CFD4A4}.Release|x64.Build.0 = Release|x64
		{5BE1DE22-0A94-4AEF-9D86-12A4B0CFD4A4}.Release|x86.ActiveCfg = Release|Win32
		{5BE1DE22-0A94-4AEF-9D86-12A4B0CFD4A4}.Release|x86.Build.0 = Release|Win32
		{35B9E34E-80E2-49B2-89C7-1B4C891754ED}.Debug|x64.ActiveCfg = Debug|x64
		{35B9E34E-80E2-49B2-89C7-1B4C891754ED}.Debug|x64.Build.0 = Debug|x64
		{35B9E34E-80E2-49B2-89C7-1B4C891754ED}.Debug|x86.ActiveCfg = Debug|Win32
		{35B9E34E-80E2-49B2-89C7-1B4C891754ED}.Debug|x86.Build.0 = Debug|Win32
		{35B9E34E-80E2-49B2-89C7-1B4C891754ED}.Release|x64.ActiveCfg = Release|x64
		{35B9E34E-80E2-49B2-89C7-1B4C891754ED}.Release|x64.Build.0 = Release|x64
		{35B9E34E-80E2-49B2-89C7-1B4C891754ED}.Release|x86.ActiveCfg = Release|Win32
		{35B9E34E-80E2-49B2-89C7-1B4C891754ED}.Release|x86.Build.0 = Release|Win32
		{D938B770-9CE9-497D-BA9B-EA7869A84D0D}.Debug|x64.ActiveCfg = Debug|x64
		{D938B770-9CE9-497D-BA9B-EA7869A84D0D}.Debug|x64.Build.0 = Debug|x64
		{D938B770-9CE9-497D-BA9B-EA7869A84D0D}.Debug|x86.ActiveCfg = Debug|Win32
		{D938B770-9CE9-497D-BA9B-EA7869A84D0D}.Debug|x86.Build.0 = Debug|Win32
		{D938B770-9CE9-497D-BA9B-EA7869A84D0D}.Release|x64.ActiveCfg = Release|x64
		{D938B770-9CE9-497D-BA9B-EA7869A84D0D}.Release|x64.Build.0 = Release|x64
		{D938B770-9CE9-497D-BA9B-EA7869A84D0D}.Release|x86.ActiveCfg = Release|Win32
		{D938B770-9CE9-497D-BA9B-EA7869A84D0D}.Release|x86.Build.0 = Release|Win32
		{D3D9FC92-726A-4DB5-B97C-2887DC8B7700}.Debug|x64.ActiveCfg = Debug|x64
		{D3D9FC92-726A-4DB5-B97C-2887DC8B7700}.Debug|x64.Build.0 = Debug|x64
		{D3D9FC92-726A-4DB5-B97C-2887DC8B7700}.Debug|x86.ActiveCfg = Debug|Win32
		{D3D9FC92-726A-4DB5-B97C-2887DC8B7700}.Debug|x86.Build.0 = Debug|Win32
		{D3D9FC92-726A-4DB5-B97C-2887DC8B7700}.Release|x64.ActiveCfg = Release|x64
		{D3D9FC92-726A-4DB5-B97C-2887DC8B7700}.Release|x64.Build.0 = Release|x64
		{D3D9FC92-726A-4DB5-B97C-2887DC8B7700}.Release|x86.ActiveCfg = Release|Win32
		{D3D9FC92-726A-4DB5-B97C-2887DC8B7700}.Release|x86.Build.0 = Release|Win32
		{B1913EFB-D514-492A-B23F-27BBDE81D2D8}.Debug|x64.ActiveCfg = Debug|x64
		{B1913EFB-D514-492A-B23F-27BBDE81D2D8}.Debug|x64.Build.0 = Debug|x64
		{B1913EFB-D514-492A-B23F-27BBDE81D2D8}.Debug|x86.ActiveCfg = Debug|Win32
		{B1913EFB-D514-492A-B23F-27BBDE81D2D8}.Debug|x86.Build.0 = Debug|Win32
		{B1913EFB-D514-492A-B23F-27BBDE81D2D8}.Release|x64.ActiveCfg = Release|x64
		{B1913EFB-D514-492A-B23F-27BBDE81D2D8}.Release|x64.Build.0 = Release|x64
		{B1913EFB-D514-492A-B23F-27BBDE81D2D8}.Release|x86.ActiveCfg = Release|Win32
		{B1913EFB-D514-492A-B23F-27BBDE81D2D8}.Release|x86.Build.0 = Release|Win32
		{0C15BD72-5456-41CC-9D01-E8E5427FE23E}.Debug|x64.ActiveCfg = Debug|x64
		{0C15BD72-5456-41CC-9D01-E8E5427FE23E}.Debug|x64.Build.0 = Debug|x64
		{0C15BD72-5456-41CC-9D01-E8E5427FE23E}.Debug|x86.ActiveCfg = Debug|Win32
		{0C15BD72-5456-41CC-9D01-E8E5427FE23E}.Debug|x86.Build.0 = Debug|Win32
		{0C15BD72-5456-41CC-9D01-E8E5427FE23E}.Release|x64.ActiveCfg = Release|x64
		{0C15BD72-5456-41CC-9D01-E8E5427FE23E}.Release|x64.Build.0 = Release|x64
		{0C15BD72-5456-41CC-9D01-E8E5427FE23E}.Release|x86.ActiveCfg = Release|Win32
		{0C15BD72-5456-41CC-9D01-E8E5427FE23E}.Release|x86.Build.0 = Release|Win32
		{9A2D1561-D877-4089-97EE-A001A2E9A5CE}.Debug|x64.ActiveCfg = Debug|x64
		{9A2D1561-D877-4089-97EE-A001A2E9A5CE}.Debug|x64.Build.0 = Debug|x64
		{9A2D1561-D877-4089-97EE-A001A2E9A5CE}.Debug|x86.ActiveCfg = Debug|Win32
		{9A2D1561-D877-4089-97EE-A001A2E9A5CE}.Debug|x86.Build.0 = Debug|Win32
		{9A2D1561-D877-4089-97EE-A001A2E9A5CE}.Release|x64.ActiveCfg = Release|x64
		{9A2D1561-D877-4089-97EE-A001A2E9A5CE}.Release|x64.Build.0 = Release|x64
		{9A2D1561-D877-4089-97EE-A001A2E9A5CE}.Release|x86.ActiveCfg = Release|Win32
		{9A2D1561-D877-4089-97EE-A001A2E9A5CE}.Release|x86.Build.0 = Release|Win32
		{20A75616-85F1-424F-BCFC-387E10E7FC5C}.Debug|x64.ActiveCfg = Debug|x64
		{20A75616-85F1-424F-BCFC-387E10E7FC5C}.Debug|x64.Build.0 = Debug|x64
		{20A75616-85F1-424F-BCFC-387E10E7FC5C}.Debug|x86.ActiveCfg = Debug|Win32
		{20A75616-85F1-424F-BCFC-387E10E7FC5C}.Debug|x86.Build.0 = Debug|Win32
		{20A75616-85F1-424F-BCFC-387E10E7FC5C}.Release|x64.ActiveCfg = Release|x64
		{20A75616-85F1-424F-BCFC-387E10E7FC5C}.Release|x64.Build.0 = Release|x64
		{20A75616-85F1-424F-BCFC-387E10E7FC5C}.Release|x86.ActiveCfg = Release|Win32
		{20A75616-85F1-424F-BCFC-387E10E7FC5C}.Release|x86.Build.0 = Release|Win32
		{8D209023-9504-4E1C-AF53-2FC112EDF716}.Debug|x64.ActiveCfg = Debug|x64
		{8D209023-9504-4E1C-AF53-2FC112EDF716}.Debug|x64.Build.0 = Debug|x64
		{8D209023-9504-4E1C-AF53-2FC112EDF716}.Debug|x86.ActiveCfg = Debug|Win32
		{8D209023-9504-4E1C-AF53-2FC112EDF716}.Debug|x86.Build.0 = Debug|Win32
		{8D209023-9504-4E1C-AF53-2FC112EDF716}.Release|x64.ActiveCfg = Release|x64
		{8D209023-9504-4E1C-AF53-2FC112EDF716}.Release|x64.Build.0 = Release|x64
		{8D209023-9504-4E1C-AF53-2FC112EDF716}.Release|x86.ActiveCfg = Release|Win32
		{8D209023-9504-4E1C-AF53-2FC112EDF716}.Release|x86.Build.0 = Release|Win32
		{D8BECB5D-10D0-46DC-8303-336E71468038}.Debug|x64.ActiveCfg = Debug|x64
		{D8BECB5D-10D0-46DC-8303-336E71468038}.Debug|x64.Build.0 = Debug|x64
		{D8BECB5D-10D0-46DC-8303-336E71468038}.Debug|x86.ActiveCfg = Debug|Win32
		{D8BECB5D-10D0-46DC-8303-336E71468038}.Debug|x86.Build.0 = Debug|Win32
		{D8BECB5D-10D0-46DC-8303-336E71468038}.Release|x64.ActiveCfg = Release|x64
		{D8BECB5D-10D0-46DC-8303-336E71468038}.Release|x64.Build.0 = Release|x64
		{D8BECB5D-10D0-46DC-8303-336E71468038}.Release|x86.ActiveCfg = Release|Win32
		{D8BECB5D-10D0-46DC-8303-336E71468038}.Release|x86.Build.0 = Release|Win32
		{7F9D373C-0513-4B1A-834F-0CDF375DD9A7}.Debug|x64.ActiveCfg = Debug|x64
		{7F9D373C-0513-4B1A-834F-0CDF375DD9A7}.Debug|x64.Build.0 = Debug|x64
		{7F9D373C-0513-4B1A-834F-0CDF375DD9A7}.Debug|x86.ActiveCfg = Debug|Win32
		{7F9D373C-0513-4B1A-834F-0CDF375DD9A7}.Debug|x86.Build.0 = Debug|Win32
		{7F9D373C-0513-4B1A-834F-0CDF375DD9A7}.Release|x64.ActiveCfg = Release|x64
		{7F9D373C-0513-4B1A-834F-0CDF375DD9A7}.Release|x64.Build.0 = Release|x64
		{7F9D373C-0513-4B1A-834F-0CDF375DD9A7}.Release|x86.ActiveCfg = Release|Win32
		{7F9D373C-0513-4B1A-834F-0CDF375DD9A7}.Release|x86.Build.0 = Release|Win32
		{210992AB-BF43-48C4-9E4B-0E8C14F99719}.Debug|x64.ActiveCfg = Debug|x64
		{210992AB-BF43-48C4-9E4B-0E8C14F99719}.Debug|x64.Build.0 = Debug|x64
		{210992AB-BF43-48C4-9E4B-0E8C14F99719}.Debug|x86.ActiveCfg = Debug|Win32
		{210992AB-BF43-48C4-9E4B-0E8C14F99719}.Debug|x86.Build.0 = Debug|Win32
		{210992AB-BF43-48C4-9E4B-0E8C14F99719}.Release|x64.ActiveCfg = Release|x64
		{210992AB-BF43-48C4-9E4B-0E8C14F99719}.Release|x64.Build.0 = Release|x64
		{210992AB-BF43-48C4-9E4B-0E8C14F99719}.Release|x86.ActiveCfg = Release|Win32
		{210992AB-BF43-48C4-9E4B-0E8C14F99719}.Release|x86.Build.0 = Release|Win32
		{A49A246F-557C-42A8-BC75-1A011F30C5AE}.Debug|x64.ActiveCfg = Debug|x64
		{A49A246F-557C-42A8-BC75-1A011F30C5AE}.Debug|x64.Build.0 = Debug|x64
		{A49A246F-557C-42A8-BC75-1A011F30C5AE}.Debug|x86.ActiveCfg = Debug|Win32
		{A49A246F-557C-42A8-BC75-1A011F30C5AE}.Debug|x86.Build.0 = Debug|Win32
		{A49A246F-557C-42A8-BC75-1A011F30C5AE}.Release|x64.ActiveCfg = Release|x64
		{A49A246F-557C-42A8-BC75-1A011F30C5AE}.Release|x64.Build.0 = Release|x64
		{A49A246F-557C-42A8-BC75-1A011F30C5AE}.Release|x86.ActiveCfg = Release|Win32
		{A49A246F-557C-42A8-BC75-1A011F30C5AE}.Release|x86.Build.0 = Release|Win32
		{B504ACFC-53E3-4474-AEF2-49BC95D10D68}.Debug|x64.ActiveCfg = Debug|x64
		{B504ACFC-53E3-4474-AEF2-49BC95D10D68}.Debug|x64.Build.0 = Debug|x64
		{B504ACFC-53E3-4474-AEF2-49BC95D10D68}.Debug|x86.ActiveCfg = Debug|Win32
		{B504ACFC-53E3-4474-AEF2-49BC95D10D68}.Debug|x86.Build.0 = Debug|Win32
		{B504ACFC-53E3-4474-AEF2-49BC95D10D68}.Release|x64.ActiveCfg = Release|x64
		{B504ACFC-53E3-4474-AEF2-49BC95D10D68}.Release|x64.Build.0 = Release|x64
		{B504ACFC-53E3-4474-AEF2-49BC95D10D68}.Release|x86.ActiveCfg = Release|Win32
		{B504ACFC-53E3-4474-AEF2-49BC95D10D68}.Release|x86.Build.0 = Release|Win32
		{66C474DC-1863-4647-8DF5-E909729E9F6B}.Debug|x64.ActiveCfg = Debug|x64
		{66C474DC-1863-4647-8DF5-E909729E9F6B}.Debug|x64.Build.0 = Debug|x64
		{66C474DC-1863-4647-8DF5-E909729E9F6B}.Debug|x86.ActiveCfg = Debug|Win32
		{66C474DC-1863-4647-8DF5-E909729E9F6B}.Debug|x86.Build.0 = Debug|Win32
		{66C474DC-1863-4647-8DF5-E909729E9F6B}.Release|x64.ActiveCfg = Release|x64
		{66C474DC-1863-4647-8DF5-E909729E9F6B}.Release|x64.Build.0 = Release|x64
		{66C474DC-1863-4647-8DF5-E909729E9F6B}.Release|x86.ActiveCfg = Release|Win32
		{66C474DC-1863-4647-8DF5-E909729E9F6B}.Release|x86.Build.0 = Release|Win32
	EndGlobalSection
	GlobalSection(SolutionProperties) = preSolution
		HideSolutionNode = FALSE
	EndGlobalSection
	GlobalSection(ExtensibilityGlobals) = postSolution
		SolutionGuid = {2DB4EBC0-A258-41BE-A433-697A59D00AD3}
	EndGlobalSection
EndGlobal
